
Microsoft Visual Studio Solution File, Format Version 12.00
# Visual Studio Version 16
VisualStudioVersion = 16.0.30104.148
MinimumVisualStudioVersion = 10.0.40219.1
Project("{FAE04EC0-301F-11D3-BF4B-00C04F79EFBC}") = "OrderPractice_V2", "OrderPractice_V2\OrderPractice_V2.csproj", "{13C40CD2-5BBC-449A-B84B-0F1D5A71FFC3}"
EndProject
Global
	GlobalSection(SolutionConfigurationPlatforms) = preSolution
		Debug|Any CPU = Debug|Any CPU
		Release|Any CPU = Release|Any CPU
	EndGlobalSection
	GlobalSection(ProjectConfigurationPlatforms) = postSolution
		{13C40CD2-5BBC-449A-B84B-0F1D5A71FFC3}.Debug|Any CPU.ActiveCfg = Debug|Any CPU
		{13C40CD2-5BBC-449A-B84B-0F1D5A71FFC3}.Debug|Any CPU.Build.0 = Debug|Any CPU
		{13C40CD2-5BBC-449A-B84B-0F1D5A71FFC3}.Release|Any CPU.ActiveCfg = Release|Any CPU
		{13C40CD2-5BBC-449A-B84B-0F1D5A71FFC3}.Release|Any CPU.Build.0 = Release|Any CPU
	EndGlobalSection
	GlobalSection(SolutionProperties) = preSolution
		HideSolutionNode = FALSE
	EndGlobalSection
	GlobalSection(ExtensibilityGlobals) = postSolution
		SolutionGuid = {F1E6F183-C81A-4630-81ED-9F5EAE8EEE1F}
	EndGlobalSection
EndGlobal
